# THIS IS AN AUTOGENERATED FILE. DO NOT EDIT THIS FILE DIRECTLY.
# yarn lockfile v1


"@pythnetwork/pyth-sdk-solidity@^4.2.0":
  version "4.2.0"
  resolved "https://registry.npmjs.org/@pythnetwork/pyth-sdk-solidity/-/pyth-sdk-solidity-4.2.0.tgz#784e8eef837951bb5b74d943dd300dd1c7851365"
  integrity sha512-IO4pRqloqEXdbWqFbiNqthpaA5Dktl+t5GXckwdReEti90H4zcgxvINFLrSfRp7ylN2cP/LVgoCRHGEJGYlwKg==
